{
  "requires": true,
  "lockfileVersion": 1,
  "dependencies": {
    "primeicons": {
      "version": "2.0.0",
      "resolved": "https://registry.npmjs.org/primeicons/-/primeicons-2.0.0.tgz",
      "integrity": "sha512-GJTCeMSQU8UU1GqbsaDrg/IH+b/vSinJQl52NVpdJ7sShYLZA8Eq6jLF48Ye3N/dQloGrE07i7XsZvxQ9pNbqg=="
    },
    "primeng": {
      "version": "9.0.5",
      "resolved": "https://registry.npmjs.org/primeng/-/primeng-9.0.5.tgz",
      "integrity": "sha512-juugoXZaU7TyGyTSFx0PNjObqM+/RTY/arJ/LwyH/0KaIv0V+Oqfvnx8btJ96kLOZ+h0xLWXLuAbxsTXe9EX6w=="
    }
  }
}
